
Microsoft Visual Studio Solution File, Format Version 12.00
# Visual Studio 15
Project("{FAE04EC0-301F-11D3-BF4B-00C04F79EFBC}") = "Translator.iOS", "Translator.iOS\Translator.iOS.csproj", "{67ACE360-F6FB-4A50-B541-2E05AEC91EFE}"
EndProject
Project("{FAE04EC0-301F-11D3-BF4B-00C04F79EFBC}") = "Translator", "Translator\Translator.csproj", "{BD86BD2C-5169-4B41-8EC0-73DEE346C2E8}"
EndProject
Global
	GlobalSection(SolutionConfigurationPlatforms) = preSolution
		Debug|iPhoneSimulator = Debug|iPhoneSimulator
		Release|iPhoneSimulator = Release|iPhoneSimulator
		Debug|iPhone = Debug|iPhone
		Release|iPhone = Release|iPhone
		Debug|Any CPU = Debug|Any CPU
		Release|Any CPU = Release|Any CPU
	EndGlobalSection
	GlobalSection(ProjectConfigurationPlatforms) = postSolution
		{67ACE360-F6FB-4A50-B541-2E05AEC91EFE}.Debug|iPhoneSimulator.ActiveCfg = Debug|iPhoneSimulator
		{67ACE360-F6FB-4A50-B541-2E05AEC91EFE}.Debug|iPhoneSimulator.Build.0 = Debug|iPhoneSimulator
		{67ACE360-F6FB-4A50-B541-2E05AEC91EFE}.Release|iPhoneSimulator.ActiveCfg = Release|iPhoneSimulator
		{67ACE360-F6FB-4A50-B541-2E05AEC91EFE}.Release|iPhoneSimulator.Build.0 = Release|iPhoneSimulator
		{67ACE360-F6FB-4A50-B541-2E05AEC91EFE}.Debug|iPhone.ActiveCfg = Debug|iPhone
		{67ACE360-F6FB-4A50-B541-2E05AEC91EFE}.Debug|iPhone.Build.0 = Debug|iPhone
		{67ACE360-F6FB-4A50-B541-2E05AEC91EFE}.Release|iPhone.ActiveCfg = Release|iPhone
		{67ACE360-F6FB-4A50-B541-2E05AEC91EFE}.Release|iPhone.Build.0 = Release|iPhone
		{67ACE360-F6FB-4A50-B541-2E05AEC91EFE}.Debug|Any CPU.ActiveCfg = Debug|iPhoneSimulator
		{67ACE360-F6FB-4A50-B541-2E05AEC91EFE}.Debug|Any CPU.Build.0 = Debug|iPhoneSimulator
		{67ACE360-F6FB-4A50-B541-2E05AEC91EFE}.Release|Any CPU.ActiveCfg = Release|iPhoneSimulator
		{67ACE360-F6FB-4A50-B541-2E05AEC91EFE}.Release|Any CPU.Build.0 = Release|iPhoneSimulator
		{BD86BD2C-5169-4B41-8EC0-73DEE346C2E8}.Debug|iPhoneSimulator.ActiveCfg = Debug|Any CPU
		{BD86BD2C-5169-4B41-8EC0-73DEE346C2E8}.Debug|iPhoneSimulator.Build.0 = Debug|Any CPU
		{BD86BD2C-5169-4B41-8EC0-73DEE346C2E8}.Release|iPhoneSimulator.ActiveCfg = Release|Any CPU
		{BD86BD2C-5169-4B41-8EC0-73DEE346C2E8}.Release|iPhoneSimulator.Build.0 = Release|Any CPU
		{BD86BD2C-5169-4B41-8EC0-73DEE346C2E8}.Debug|iPhone.ActiveCfg = Debug|Any CPU
		{BD86BD2C-5169-4B41-8EC0-73DEE346C2E8}.Debug|iPhone.Build.0 = Debug|Any CPU
		{BD86BD2C-5169-4B41-8EC0-73DEE346C2E8}.Release|iPhone.ActiveCfg = Release|Any CPU
		{BD86BD2C-5169-4B41-8EC0-73DEE346C2E8}.Release|iPhone.Build.0 = Release|Any CPU
		{BD86BD2C-5169-4B41-8EC0-73DEE346C2E8}.Debug|Any CPU.ActiveCfg = Debug|Any CPU
		{BD86BD2C-5169-4B41-8EC0-73DEE346C2E8}.Debug|Any CPU.Build.0 = Debug|Any CPU
		{BD86BD2C-5169-4B41-8EC0-73DEE346C2E8}.Release|Any CPU.ActiveCfg = Release|Any CPU
		{BD86BD2C-5169-4B41-8EC0-73DEE346C2E8}.Release|Any CPU.Build.0 = Release|Any CPU
	EndGlobalSection
EndGlobal
